
Microsoft Visual Studio Solution File, Format Version 12.00
# Visual Studio 15
VisualStudioVersion = 15.0.26124.0
MinimumVisualStudioVersion = 15.0.26124.0
Project("{FAE04EC0-301F-11D3-BF4B-00C04F79EFBC}") = "Application", "Api.Application\Application.csproj", "{FDA86453-6377-4B36-8FA4-E50D28091206}"
EndProject
Project("{FAE04EC0-301F-11D3-BF4B-00C04F79EFBC}") = "Domain", "Api.Domain\Domain.csproj", "{952360F3-453F-48AD-AAB1-03380B7CAE5E}"
EndProject
Project("{FAE04EC0-301F-11D3-BF4B-00C04F79EFBC}") = "CrossCutting", "Api.CrossCutting\CrossCutting.csproj", "{39999756-9E0B-4C9E-AD01-4CE78BDE5DC5}"
EndProject
Project("{FAE04EC0-301F-11D3-BF4B-00C04F79EFBC}") = "Data", "Api.Data\Data.csproj", "{6783B8F2-7A6D-4075-BF1D-779E83B54C83}"
EndProject
Project("{FAE04EC0-301F-11D3-BF4B-00C04F79EFBC}") = "Service", "Api.Service\Service.csproj", "{5E35D49A-F3FA-468D-96D9-2C94DED66403}"
EndProject
Global
	GlobalSection(SolutionConfigurationPlatforms) = preSolution
		Debug|Any CPU = Debug|Any CPU
		Debug|x64 = Debug|x64
		Debug|x86 = Debug|x86
		Release|Any CPU = Release|Any CPU
		Release|x64 = Release|x64
		Release|x86 = Release|x86
	EndGlobalSection
	GlobalSection(SolutionProperties) = preSolution
		HideSolutionNode = FALSE
	EndGlobalSection
	GlobalSection(ProjectConfigurationPlatforms) = postSolution
		{FDA86453-6377-4B36-8FA4-E50D28091206}.Debug|Any CPU.ActiveCfg = Debug|Any CPU
		{FDA86453-6377-4B36-8FA4-E50D28091206}.Debug|Any CPU.Build.0 = Debug|Any CPU
		{FDA86453-6377-4B36-8FA4-E50D28091206}.Debug|x64.ActiveCfg = Debug|Any CPU
		{FDA86453-6377-4B36-8FA4-E50D28091206}.Debug|x64.Build.0 = Debug|Any CPU
		{FDA86453-6377-4B36-8FA4-E50D28091206}.Debug|x86.ActiveCfg = Debug|Any CPU
		{FDA86453-6377-4B36-8FA4-E50D28091206}.Debug|x86.Build.0 = Debug|Any CPU
		{FDA86453-6377-4B36-8FA4-E50D28091206}.Release|Any CPU.ActiveCfg = Release|Any CPU
		{FDA86453-6377-4B36-8FA4-E50D28091206}.Release|Any CPU.Build.0 = Release|Any CPU
		{FDA86453-6377-4B36-8FA4-E50D28091206}.Release|x64.ActiveCfg = Release|Any CPU
		{FDA86453-6377-4B36-8FA4-E50D28091206}.Release|x64.Build.0 = Release|Any CPU
		{FDA86453-6377-4B36-8FA4-E50D28091206}.Release|x86.ActiveCfg = Release|Any CPU
		{FDA86453-6377-4B36-8FA4-E50D28091206}.Release|x86.Build.0 = Release|Any CPU
		{952360F3-453F-48AD-AAB1-03380B7CAE5E}.Debug|Any CPU.ActiveCfg = Debug|Any CPU
		{952360F3-453F-48AD-AAB1-03380B7CAE5E}.Debug|Any CPU.Build.0 = Debug|Any CPU
		{952360F3-453F-48AD-AAB1-03380B7CAE5E}.Debug|x64.ActiveCfg = Debug|Any CPU
		{952360F3-453F-48AD-AAB1-03380B7CAE5E}.Debug|x64.Build.0 = Debug|Any CPU
		{952360F3-453F-48AD-AAB1-03380B7CAE5E}.Debug|x86.ActiveCfg = Debug|Any CPU
		{952360F3-453F-48AD-AAB1-03380B7CAE5E}.Debug|x86.Build.0 = Debug|Any CPU
		{952360F3-453F-48AD-AAB1-03380B7CAE5E}.Release|Any CPU.ActiveCfg = Release|Any CPU
		{952360F3-453F-48AD-AAB1-03380B7CAE5E}.Release|Any CPU.Build.0 = Release|Any CPU
		{952360F3-453F-48AD-AAB1-03380B7CAE5E}.Release|x64.ActiveCfg = Release|Any CPU
		{952360F3-453F-48AD-AAB1-03380B7CAE5E}.Release|x64.Build.0 = Release|Any CPU
		{952360F3-453F-48AD-AAB1-03380B7CAE5E}.Release|x86.ActiveCfg = Release|Any CPU
		{952360F3-453F-48AD-AAB1-03380B7CAE5E}.Release|x86.Build.0 = Release|Any CPU
		{39999756-9E0B-4C9E-AD01-4CE78BDE5DC5}.Debug|Any CPU.ActiveCfg = Debug|Any CPU
		{39999756-9E0B-4C9E-AD01-4CE78BDE5DC5}.Debug|Any CPU.Build.0 = Debug|Any CPU
		{39999756-9E0B-4C9E-AD01-4CE78BDE5DC5}.Debug|x64.ActiveCfg = Debug|Any CPU
		{39999756-9E0B-4C9E-AD01-4CE78BDE5DC5}.Debug|x64.Build.0 = Debug|Any CPU
		{39999756-9E0B-4C9E-AD01-4CE78BDE5DC5}.Debug|x86.ActiveCfg = Debug|Any CPU
		{39999756-9E0B-4C9E-AD01-4CE78BDE5DC5}.Debug|x86.Build.0 = Debug|Any CPU
		{39999756-9E0B-4C9E-AD01-4CE78BDE5DC5}.Release|Any CPU.ActiveCfg = Release|Any CPU
		{39999756-9E0B-4C9E-AD01-4CE78BDE5DC5}.Release|Any CPU.Build.0 = Release|Any CPU
		{39999756-9E0B-4C9E-AD01-4CE78BDE5DC5}.Release|x64.ActiveCfg = Release|Any CPU
		{39999756-9E0B-4C9E-AD01-4CE78BDE5DC5}.Release|x64.Build.0 = Release|Any CPU
		{39999756-9E0B-4C9E-AD01-4CE78BDE5DC5}.Release|x86.ActiveCfg = Release|Any CPU
		{39999756-9E0B-4C9E-AD01-4CE78BDE5DC5}.Release|x86.Build.0 = Release|Any CPU
		{6783B8F2-7A6D-4075-BF1D-779E83B54C83}.Debug|Any CPU.ActiveCfg = Debug|Any CPU
		{6783B8F2-7A6D-4075-BF1D-779E83B54C83}.Debug|Any CPU.Build.0 = Debug|Any CPU
		{6783B8F2-7A6D-4075-BF1D-779E83B54C83}.Debug|x64.ActiveCfg = Debug|Any CPU
		{6783B8F2-7A6D-4075-BF1D-779E83B54C83}.Debug|x64.Build.0 = Debug|Any CPU
		{6783B8F2-7A6D-4075-BF1D-779E83B54C83}.Debug|x86.ActiveCfg = Debug|Any CPU
		{6783B8F2-7A6D-4075-BF1D-779E83B54C83}.Debug|x86.Build.0 = Debug|Any CPU
		{6783B8F2-7A6D-4075-BF1D-779E83B54C83}.Release|Any CPU.ActiveCfg = Release|Any CPU
		{6783B8F2-7A6D-4075-BF1D-779E83B54C83}.Release|Any CPU.Build.0 = Release|Any CPU
		{6783B8F2-7A6D-4075-BF1D-779E83B54C83}.Release|x64.ActiveCfg = Release|Any CPU
		{6783B8F2-7A6D-4075-BF1D-779E83B54C83}.Release|x64.Build.0 = Release|Any CPU
		{6783B8F2-7A6D-4075-BF1D-779E83B54C83}.Release|x86.ActiveCfg = Release|Any CPU
		{6783B8F2-7A6D-4075-BF1D-779E83B54C83}.Release|x86.Build.0 = Release|Any CPU
		{5E35D49A-F3FA-468D-96D9-2C94DED66403}.Debug|Any CPU.ActiveCfg = Debug|Any CPU
		{5E35D49A-F3FA-468D-96D9-2C94DED66403}.Debug|Any CPU.Build.0 = Debug|Any CPU
		{5E35D49A-F3FA-468D-96D9-2C94DED66403}.Debug|x64.ActiveCfg = Debug|Any CPU
		{5E35D49A-F3FA-468D-96D9-2C94DED66403}.Debug|x64.Build.0 = Debug|Any CPU
		{5E35D49A-F3FA-468D-96D9-2C94DED66403}.Debug|x86.ActiveCfg = Debug|Any CPU
		{5E35D49A-F3FA-468D-96D9-2C94DED66403}.Debug|x86.Build.0 = Debug|Any CPU
		{5E35D49A-F3FA-468D-96D9-2C94DED66403}.Release|Any CPU.ActiveCfg = Release|Any CPU
		{5E35D49A-F3FA-468D-96D9-2C94DED66403}.Release|Any CPU.Build.0 = Release|Any CPU
		{5E35D49A-F3FA-468D-96D9-2C94DED66403}.Release|x64.ActiveCfg = Release|Any CPU
		{5E35D49A-F3FA-468D-96D9-2C94DED66403}.Release|x64.Build.0 = Release|Any CPU
		{5E35D49A-F3FA-468D-96D9-2C94DED66403}.Release|x86.ActiveCfg = Release|Any CPU
		{5E35D49A-F3FA-468D-96D9-2C94DED66403}.Release|x86.Build.0 = Release|Any CPU
	EndGlobalSection
EndGlobal
